# THIS IS AN AUTOGENERATED FILE. DO NOT EDIT THIS FILE DIRECTLY.
# yarn lockfile v1


"@umany/base-exceptions-js@^1.0.0":
  version "1.0.5"
  resolved "https://registry.yarnpkg.com/@umany/base-exceptions-js/-/base-exceptions-js-1.0.5.tgz#ca0bd9da6c06f1b3996a72bdf92295e48e887d9b"
  integrity sha512-rp5OiVSb3TC1xWSc1F+HrKV7ZkEf9mVQtmbmcgffYtlecOnzKBL4BOfQiOkZrGxOTcjVMia2T2rX0wJ3zl9GlQ==

"@umany/http-exceptions-js@^1.0.5":
  version "1.0.5"
  resolved "https://registry.yarnpkg.com/@umany/http-exceptions-js/-/http-exceptions-js-1.0.5.tgz#af95736da47df4c02460b935309e4cc837e89ade"
  integrity sha512-xsblDpIHCtTrHUNsVyoqtLh/soDe9hSXjBwnLMLJKYSFjmtPd+tfNXvOE0qNDVmpTmWKYaJY3idue9rt4efp2Q==
  dependencies:
    "@umany/base-exceptions-js" "^1.0.0"

axios@^0.21.4:
  version "0.21.4"
  resolved "https://registry.yarnpkg.com/axios/-/axios-0.21.4.tgz#c67b90dc0568e5c1cf2b0b858c43ba28e2eda575"
  integrity sha512-ut5vewkiu8jjGBdqpM44XxjuCjq9LAKeHVmoVfHVzy8eHgxxq8SbAVQNovDA8mVi05kP0Ea/n/UzcSHcTJQfNg==
  dependencies:
    follow-redirects "^1.14.0"

follow-redirects@^1.14.0:
  version "1.14.7"
  resolved "https://registry.yarnpkg.com/follow-redirects/-/follow-redirects-1.14.7.tgz#2004c02eb9436eee9a21446a6477debf17e81685"
  integrity sha512-+hbxoLbFMbRKDwohX8GkTataGqO6Jb7jGwpAlwgy2bIz25XtRm7KEzJM76R1WiNT5SwZkX4Y75SwBolkpmE7iQ==
