# THIS IS AN AUTOGENERATED FILE. DO NOT EDIT THIS FILE DIRECTLY.
# yarn lockfile v1


"@umany/base-exceptions-js@^1.0.0", "@umany/base-exceptions-js@^1.0.5":
  "integrity" "sha512-rp5OiVSb3TC1xWSc1F+HrKV7ZkEf9mVQtmbmcgffYtlecOnzKBL4BOfQiOkZrGxOTcjVMia2T2rX0wJ3zl9GlQ=="
  "resolved" "https://registry.npmjs.org/@umany/base-exceptions-js/-/base-exceptions-js-1.0.5.tgz"
  "version" "1.0.5"

"@umany/http-exceptions-js@^1.0.5":
  "integrity" "sha512-xsblDpIHCtTrHUNsVyoqtLh/soDe9hSXjBwnLMLJKYSFjmtPd+tfNXvOE0qNDVmpTmWKYaJY3idue9rt4efp2Q=="
  "resolved" "https://registry.npmjs.org/@umany/http-exceptions-js/-/http-exceptions-js-1.0.5.tgz"
  "version" "1.0.5"
  dependencies:
    "@umany/base-exceptions-js" "^1.0.0"

"axios@^0.21.4":
  "integrity" "sha512-ut5vewkiu8jjGBdqpM44XxjuCjq9LAKeHVmoVfHVzy8eHgxxq8SbAVQNovDA8mVi05kP0Ea/n/UzcSHcTJQfNg=="
  "resolved" "https://registry.npmjs.org/axios/-/axios-0.21.4.tgz"
  "version" "0.21.4"
  dependencies:
    "follow-redirects" "^1.14.0"

"follow-redirects@^1.14.0":
  "integrity" "sha512-+hbxoLbFMbRKDwohX8GkTataGqO6Jb7jGwpAlwgy2bIz25XtRm7KEzJM76R1WiNT5SwZkX4Y75SwBolkpmE7iQ=="
  "resolved" "https://registry.npmjs.org/follow-redirects/-/follow-redirects-1.14.7.tgz"
  "version" "1.14.7"
